
Microsoft Visual Studio Solution File, Format Version 12.00
# Visual Studio Version 17
VisualStudioVersion = 17.0.31903.59
MinimumVisualStudioVersion = 10.0.40219.1
Project("{2150E333-8FDC-42A3-9474-1A3956D46DE8}") = "src", "src", "{E627753A-FAA4-4C09-B4EB-F065CCBC7FC7}"
EndProject
Project("{FAE04EC0-301F-11D3-BF4B-00C04F79EFBC}") = "Application", "src\Application\Application.csproj", "{5AE87E24-199A-43F5-A539-A70182CBBFCB}"
EndProject
Project("{FAE04EC0-301F-11D3-BF4B-00C04F79EFBC}") = "Domain", "src\Domain\Domain.csproj", "{57758536-1800-4058-801F-840DA321781C}"
EndProject
Project("{FAE04EC0-301F-11D3-BF4B-00C04F79EFBC}") = "Infrastructure", "src\Infrastructure\Infrastructure.csproj", "{5D909FF2-AB72-4659-9F77-D0681D0368E2}"
EndProject
Project("{FAE04EC0-301F-11D3-BF4B-00C04F79EFBC}") = "Users.Jobs.Service.Api", "src\Users.Jobs.Service.Api\Users.Jobs.Service.Api.csproj", "{10E3AB07-3064-46C1-9919-E89041C3C51A}"
EndProject
Global
	GlobalSection(SolutionConfigurationPlatforms) = preSolution
		Debug|Any CPU = Debug|Any CPU
		Release|Any CPU = Release|Any CPU
	EndGlobalSection
	GlobalSection(SolutionProperties) = preSolution
		HideSolutionNode = FALSE
	EndGlobalSection
	GlobalSection(ProjectConfigurationPlatforms) = postSolution
		{5AE87E24-199A-43F5-A539-A70182CBBFCB}.Debug|Any CPU.ActiveCfg = Debug|Any CPU
		{5AE87E24-199A-43F5-A539-A70182CBBFCB}.Debug|Any CPU.Build.0 = Debug|Any CPU
		{5AE87E24-199A-43F5-A539-A70182CBBFCB}.Release|Any CPU.ActiveCfg = Release|Any CPU
		{5AE87E24-199A-43F5-A539-A70182CBBFCB}.Release|Any CPU.Build.0 = Release|Any CPU
		{57758536-1800-4058-801F-840DA321781C}.Debug|Any CPU.ActiveCfg = Debug|Any CPU
		{57758536-1800-4058-801F-840DA321781C}.Debug|Any CPU.Build.0 = Debug|Any CPU
		{57758536-1800-4058-801F-840DA321781C}.Release|Any CPU.ActiveCfg = Release|Any CPU
		{57758536-1800-4058-801F-840DA321781C}.Release|Any CPU.Build.0 = Release|Any CPU
		{5D909FF2-AB72-4659-9F77-D0681D0368E2}.Debug|Any CPU.ActiveCfg = Debug|Any CPU
		{5D909FF2-AB72-4659-9F77-D0681D0368E2}.Debug|Any CPU.Build.0 = Debug|Any CPU
		{5D909FF2-AB72-4659-9F77-D0681D0368E2}.Release|Any CPU.ActiveCfg = Release|Any CPU
		{5D909FF2-AB72-4659-9F77-D0681D0368E2}.Release|Any CPU.Build.0 = Release|Any CPU
		{10E3AB07-3064-46C1-9919-E89041C3C51A}.Debug|Any CPU.ActiveCfg = Debug|Any CPU
		{10E3AB07-3064-46C1-9919-E89041C3C51A}.Debug|Any CPU.Build.0 = Debug|Any CPU
		{10E3AB07-3064-46C1-9919-E89041C3C51A}.Release|Any CPU.ActiveCfg = Release|Any CPU
		{10E3AB07-3064-46C1-9919-E89041C3C51A}.Release|Any CPU.Build.0 = Release|Any CPU
	EndGlobalSection
	GlobalSection(NestedProjects) = preSolution
		{5AE87E24-199A-43F5-A539-A70182CBBFCB} = {E627753A-FAA4-4C09-B4EB-F065CCBC7FC7}
		{57758536-1800-4058-801F-840DA321781C} = {E627753A-FAA4-4C09-B4EB-F065CCBC7FC7}
		{5D909FF2-AB72-4659-9F77-D0681D0368E2} = {E627753A-FAA4-4C09-B4EB-F065CCBC7FC7}
		{10E3AB07-3064-46C1-9919-E89041C3C51A} = {E627753A-FAA4-4C09-B4EB-F065CCBC7FC7}
	EndGlobalSection
EndGlobal
