
Microsoft Visual Studio Solution File, Format Version 12.00
# Visual Studio Version 17
VisualStudioVersion = 17.0.31903.59
MinimumVisualStudioVersion = 10.0.40219.1
Project("{2150E333-8FDC-42A3-9474-1A3956D46DE8}") = "src", "src", "{F90261B4-E2E0-4544-B4CD-E0EF06ECC79C}"
EndProject
Project("{FAE04EC0-301F-11D3-BF4B-00C04F79EFBC}") = "Api.Gateway", "src\Api.Gateway\Api.Gateway.csproj", "{DC8AEB09-D150-428F-AE06-19E2B8A271B9}"
EndProject
Global
	GlobalSection(SolutionConfigurationPlatforms) = preSolution
		Debug|Any CPU = Debug|Any CPU
		Release|Any CPU = Release|Any CPU
	EndGlobalSection
	GlobalSection(SolutionProperties) = preSolution
		HideSolutionNode = FALSE
	EndGlobalSection
	GlobalSection(ProjectConfigurationPlatforms) = postSolution
		{DC8AEB09-D150-428F-AE06-19E2B8A271B9}.Debug|Any CPU.ActiveCfg = Debug|Any CPU
		{DC8AEB09-D150-428F-AE06-19E2B8A271B9}.Debug|Any CPU.Build.0 = Debug|Any CPU
		{DC8AEB09-D150-428F-AE06-19E2B8A271B9}.Release|Any CPU.ActiveCfg = Release|Any CPU
		{DC8AEB09-D150-428F-AE06-19E2B8A271B9}.Release|Any CPU.Build.0 = Release|Any CPU
	EndGlobalSection
	GlobalSection(NestedProjects) = preSolution
		{DC8AEB09-D150-428F-AE06-19E2B8A271B9} = {F90261B4-E2E0-4544-B4CD-E0EF06ECC79C}
	EndGlobalSection
EndGlobal
