
Microsoft Visual Studio Solution File, Format Version 12.00
# Visual Studio Version 17
VisualStudioVersion = 17.0.31903.59
MinimumVisualStudioVersion = 10.0.40219.1
Project("{2150E333-8FDC-42A3-9474-1A3956D46DE8}") = "src", "src", "{254BDA6A-0195-46FC-A053-68FEE7F3636B}"
EndProject
Project("{FAE04EC0-301F-11D3-BF4B-00C04F79EFBC}") = "SharedKernel", "src\SharedKernel\SharedKernel.csproj", "{26B7F284-61AB-4680-BB45-44AA052F585A}"
EndProject
Project("{FAE04EC0-301F-11D3-BF4B-00C04F79EFBC}") = "Domain", "src\Domain\Domain.csproj", "{2E8A6B38-4124-4BE9-B464-C8F8D8C52F83}"
EndProject
Project("{FAE04EC0-301F-11D3-BF4B-00C04F79EFBC}") = "Application", "src\Application\Application.csproj", "{A80C13CF-2647-4CFB-8242-E9075B26DA66}"
EndProject
Project("{FAE04EC0-301F-11D3-BF4B-00C04F79EFBC}") = "Infrastructure", "src\Infrastructure\Infrastructure.csproj", "{224F113D-9F1D-41B7-9A1B-9DF85911FB17}"
EndProject
Project("{FAE04EC0-301F-11D3-BF4B-00C04F79EFBC}") = "Web.Api", "src\Web.Api\Web.Api.csproj", "{4F42CEE1-6273-4C7E-8B3A-B4B6DDA90831}"
EndProject
Global
	GlobalSection(SolutionConfigurationPlatforms) = preSolution
		Debug|Any CPU = Debug|Any CPU
		Release|Any CPU = Release|Any CPU
	EndGlobalSection
	GlobalSection(SolutionProperties) = preSolution
		HideSolutionNode = FALSE
	EndGlobalSection
	GlobalSection(ProjectConfigurationPlatforms) = postSolution
		{26B7F284-61AB-4680-BB45-44AA052F585A}.Debug|Any CPU.ActiveCfg = Debug|Any CPU
		{26B7F284-61AB-4680-BB45-44AA052F585A}.Debug|Any CPU.Build.0 = Debug|Any CPU
		{26B7F284-61AB-4680-BB45-44AA052F585A}.Release|Any CPU.ActiveCfg = Release|Any CPU
		{26B7F284-61AB-4680-BB45-44AA052F585A}.Release|Any CPU.Build.0 = Release|Any CPU
		{2E8A6B38-4124-4BE9-B464-C8F8D8C52F83}.Debug|Any CPU.ActiveCfg = Debug|Any CPU
		{2E8A6B38-4124-4BE9-B464-C8F8D8C52F83}.Debug|Any CPU.Build.0 = Debug|Any CPU
		{2E8A6B38-4124-4BE9-B464-C8F8D8C52F83}.Release|Any CPU.ActiveCfg = Release|Any CPU
		{2E8A6B38-4124-4BE9-B464-C8F8D8C52F83}.Release|Any CPU.Build.0 = Release|Any CPU
		{A80C13CF-2647-4CFB-8242-E9075B26DA66}.Debug|Any CPU.ActiveCfg = Debug|Any CPU
		{A80C13CF-2647-4CFB-8242-E9075B26DA66}.Debug|Any CPU.Build.0 = Debug|Any CPU
		{A80C13CF-2647-4CFB-8242-E9075B26DA66}.Release|Any CPU.ActiveCfg = Release|Any CPU
		{A80C13CF-2647-4CFB-8242-E9075B26DA66}.Release|Any CPU.Build.0 = Release|Any CPU
		{224F113D-9F1D-41B7-9A1B-9DF85911FB17}.Debug|Any CPU.ActiveCfg = Debug|Any CPU
		{224F113D-9F1D-41B7-9A1B-9DF85911FB17}.Debug|Any CPU.Build.0 = Debug|Any CPU
		{224F113D-9F1D-41B7-9A1B-9DF85911FB17}.Release|Any CPU.ActiveCfg = Release|Any CPU
		{224F113D-9F1D-41B7-9A1B-9DF85911FB17}.Release|Any CPU.Build.0 = Release|Any CPU
		{4F42CEE1-6273-4C7E-8B3A-B4B6DDA90831}.Debug|Any CPU.ActiveCfg = Debug|Any CPU
		{4F42CEE1-6273-4C7E-8B3A-B4B6DDA90831}.Debug|Any CPU.Build.0 = Debug|Any CPU
		{4F42CEE1-6273-4C7E-8B3A-B4B6DDA90831}.Release|Any CPU.ActiveCfg = Release|Any CPU
		{4F42CEE1-6273-4C7E-8B3A-B4B6DDA90831}.Release|Any CPU.Build.0 = Release|Any CPU
	EndGlobalSection
	GlobalSection(NestedProjects) = preSolution
		{26B7F284-61AB-4680-BB45-44AA052F585A} = {254BDA6A-0195-46FC-A053-68FEE7F3636B}
		{2E8A6B38-4124-4BE9-B464-C8F8D8C52F83} = {254BDA6A-0195-46FC-A053-68FEE7F3636B}
		{A80C13CF-2647-4CFB-8242-E9075B26DA66} = {254BDA6A-0195-46FC-A053-68FEE7F3636B}
		{224F113D-9F1D-41B7-9A1B-9DF85911FB17} = {254BDA6A-0195-46FC-A053-68FEE7F3636B}
		{4F42CEE1-6273-4C7E-8B3A-B4B6DDA90831} = {254BDA6A-0195-46FC-A053-68FEE7F3636B}
	EndGlobalSection
EndGlobal
